Microsoft Visual Studio Solution File, Format Version 10.00
# Visual Studio 2008
Project("{F184B08F-C81C-45F6-A57F-5ABD9991F28F}") = "APCLine", "..\APCLine\APCLine.vbproj", "{3D99DEB1-456B-421D-BDEF-D0F78741872D}"
EndProject
Project("{FAE04EC0-301F-11D3-BF4B-00C04F79EFBC}") = "LinesStateListener", "LinesStateListener\LinesStateListener.csproj", "{172E862B-83AA-4CC0-9657-F5AA5897E47C}"
EndProject
Project("{FAE04EC0-301F-11D3-BF4B-00C04F79EFBC}") = "SPCore", "..\SP\SPCore.csproj", "{742943D6-9ED5-4F91-9A7F-518783AAD630}"
EndProject
Project("{F184B08F-C81C-45F6-A57F-5ABD9991F28F}") = "MainScript", "MainScript\MainScript.vbproj", "{1C2C4274-284F-4AB3-A950-2177F4311395}"
EndProject
Global
	GlobalSection(SolutionConfigurationPlatforms) = preSolution
		Debug|Any CPU = Debug|Any CPU
		Release|Any CPU = Release|Any CPU
	EndGlobalSection
	GlobalSection(ProjectConfigurationPlatforms) = postSolution
		{3D99DEB1-456B-421D-BDEF-D0F78741872D}.Debug|Any CPU.ActiveCfg = Debug|Any CPU
		{3D99DEB1-456B-421D-BDEF-D0F78741872D}.Debug|Any CPU.Build.0 = Debug|Any CPU
		{3D99DEB1-456B-421D-BDEF-D0F78741872D}.Release|Any CPU.ActiveCfg = Release|Any CPU
		{3D99DEB1-456B-421D-BDEF-D0F78741872D}.Release|Any CPU.Build.0 = Release|Any CPU
		{172E862B-83AA-4CC0-9657-F5AA5897E47C}.Debug|Any CPU.ActiveCfg = Debug|Any CPU
		{172E862B-83AA-4CC0-9657-F5AA5897E47C}.Debug|Any CPU.Build.0 = Debug|Any CPU
		{172E862B-83AA-4CC0-9657-F5AA5897E47C}.Release|Any CPU.ActiveCfg = Release|Any CPU
		{172E862B-83AA-4CC0-9657-F5AA5897E47C}.Release|Any CPU.Build.0 = Release|Any CPU
		{742943D6-9ED5-4F91-9A7F-518783AAD630}.Debug|Any CPU.ActiveCfg = Debug|Any CPU
		{742943D6-9ED5-4F91-9A7F-518783AAD630}.Debug|Any CPU.Build.0 = Debug|Any CPU
		{742943D6-9ED5-4F91-9A7F-518783AAD630}.Release|Any CPU.ActiveCfg = Release|Any CPU
		{742943D6-9ED5-4F91-9A7F-518783AAD630}.Release|Any CPU.Build.0 = Release|Any CPU
		{1C2C4274-284F-4AB3-A950-2177F4311395}.Debug|Any CPU.ActiveCfg = Debug|Any CPU
		{1C2C4274-284F-4AB3-A950-2177F4311395}.Debug|Any CPU.Build.0 = Debug|Any CPU
		{1C2C4274-284F-4AB3-A950-2177F4311395}.Release|Any CPU.ActiveCfg = Release|Any CPU
		{1C2C4274-284F-4AB3-A950-2177F4311395}.Release|Any CPU.Build.0 = Release|Any CPU
	EndGlobalSection
	GlobalSection(SolutionProperties) = preSolution
		HideSolutionNode = FALSE
	EndGlobalSection
EndGlobal
